<Solution>
  <Project Path="Mercora.Application/Mercora.Application.csproj" Id="8195306b-1f72-47b7-804b-ca673d8be73e" />
  <Project Path="Mercora.Domain/Mercora.Domain.csproj" Id="35e01f3a-3a10-4dc9-8305-59a854e6179c" />
  <Project Path="Mercora.Infrastructure/Mercora.Infrastructure.csproj" />
  <Project Path="Mercora/Mercora.Api.csproj" />
</Solution>
